
Microsoft Visual Studio Solution File, Format Version 12.00
# Visual Studio Version 17
VisualStudioVersion = 17.0.31903.59
MinimumVisualStudioVersion = 10.0.40219.1
Project("{9A19103F-16F7-4668-BE54-9A1E7A4F7556}") = "Partytime.Joined.Service", "src\Partytime.Joined.Service\Partytime.Joined.Service.csproj", "{E46B51A3-74E1-40DD-B6B3-4B384F7CF019}"
EndProject
Project("{9A19103F-16F7-4668-BE54-9A1E7A4F7556}") = "Partytime.Joined.Contracts", "src\Partytime.Joined.Contracts\Partytime.Joined.Contracts.csproj", "{ACD14EF0-8847-4534-B0A5-0EF5C481130C}"
EndProject
Global
	GlobalSection(SolutionConfigurationPlatforms) = preSolution
		Debug|Any CPU = Debug|Any CPU
		Release|Any CPU = Release|Any CPU
	EndGlobalSection
	GlobalSection(ProjectConfigurationPlatforms) = postSolution
		{E46B51A3-74E1-40DD-B6B3-4B384F7CF019}.Debug|Any CPU.ActiveCfg = Debug|Any CPU
		{E46B51A3-74E1-40DD-B6B3-4B384F7CF019}.Debug|Any CPU.Build.0 = Debug|Any CPU
		{E46B51A3-74E1-40DD-B6B3-4B384F7CF019}.Release|Any CPU.ActiveCfg = Release|Any CPU
		{E46B51A3-74E1-40DD-B6B3-4B384F7CF019}.Release|Any CPU.Build.0 = Release|Any CPU
		{ACD14EF0-8847-4534-B0A5-0EF5C481130C}.Debug|Any CPU.ActiveCfg = Debug|Any CPU
		{ACD14EF0-8847-4534-B0A5-0EF5C481130C}.Debug|Any CPU.Build.0 = Debug|Any CPU
		{ACD14EF0-8847-4534-B0A5-0EF5C481130C}.Release|Any CPU.ActiveCfg = Release|Any CPU
		{ACD14EF0-8847-4534-B0A5-0EF5C481130C}.Release|Any CPU.Build.0 = Release|Any CPU
	EndGlobalSection
	GlobalSection(SolutionProperties) = preSolution
		HideSolutionNode = FALSE
	EndGlobalSection
EndGlobal
